// !$*UTF8*$!
{
	archiveVersion = 1;
	classes = {
	};
	objectVersion = 55;
	objects = {

/* Begin PBXBuildFile section */
		3E8B976F275347F800397402 /* Tests_iOS.swift in Sources */ = {isa = PBXBuildFile; fileRef = 3E8B976E275347F800397402 /* Tests_iOS.swift */; };
		3E8B9771275347F800397402 /* Tests_iOSLaunchTests.swift in Sources */ = {isa = PBXBuildFile; fileRef = 3E8B9770275347F800397402 /* Tests_iOSLaunchTests.swift */; };
		3E8B977B275347F800397402 /* Tests_macOS.swift in Sources */ = {isa = PBXBuildFile; fileRef = 3E8B977A275347F800397402 /* Tests_macOS.swift */; };
		3E8B977D275347F800397402 /* Tests_macOSLaunchTests.swift in Sources */ = {isa = PBXBuildFile; fileRef = 3E8B977C275347F800397402 /* Tests_macOSLaunchTests.swift */; };
		3E8B977E275347F800397402 /* MorseTranslatorApp.swift in Sources */ = {isa = PBXBuildFile; fileRef = 3E8B9756275347F700397402 /* MorseTranslatorApp.swift */; };
		3E8B977F275347F800397402 /* MorseTranslatorApp.swift in Sources */ = {isa = PBXBuildFile; fileRef = 3E8B9756275347F700397402 /* MorseTranslatorApp.swift */; };
		3E8B9780275347F800397402 /* ContentView.swift in Sources */ = {isa = PBXBuildFile; fileRef = 3E8B9757275347F700397402 /* ContentView.swift */; };
		3E8B9781275347F800397402 /* ContentView.swift in Sources */ = {isa = PBXBuildFile; fileRef = 3E8B9757275347F700397402 /* ContentView.swift */; };
		3E8B9782275347F800397402 /* Assets.xcassets in Resources */ = {isa = PBXBuildFile; fileRef = 3E8B9758275347F800397402 /* Assets.xcassets */; };
		3E8B9783275347F800397402 /* Assets.xcassets in Resources */ = {isa = PBXBuildFile; fileRef = 3E8B9758275347F800397402 /* Assets.xcassets */; };
/* End PBXBuildFile section */

/* Begin PBXContainerItemProxy section */
		3E8B976B275347F800397402 /* PBXContainerItemProxy */ = {
			isa = PBXContainerItemProxy;
			containerPortal = 3E8B9751275347F700397402 /* Project object */;
			proxyType = 1;
			remoteGlobalIDString = 3E8B975C275347F800397402;
			remoteInfo = "MorseTranslator (iOS)";
		};
		3E8B9777275347F800397402 /* PBXContainerItemProxy */ = {
			isa = PBXContainerItemProxy;
			containerPortal = 3E8B9751275347F700397402 /* Project object */;
			proxyType = 1;
			remoteGlobalIDString = 3E8B9762275347F800397402;
			remoteInfo = "MorseTranslator (macOS)";
		};
/* End PBXContainerItemProxy section */

/* Begin PBXFileReference section */
		3E8B9756275347F700397402 /* MorseTranslatorApp.swift */ = {isa = PBXFileReference; lastKnownFileType = sourcecode.swift; path = MorseTranslatorApp.swift; sourceTree = "<group>"; };
		3E8B9757275347F700397402 /* ContentView.swift */ = {isa = PBXFileReference; lastKnownFileType = sourcecode.swift; path = ContentView.swift; sourceTree = "<group>"; };
		3E8B9758275347F800397402 /* Assets.xcassets */ = {isa = PBXFileReference; lastKnownFileType = folder.assetcatalog; path = Assets.xcassets; sourceTree = "<group>"; };
		3E8B975D275347F800397402 /* MorseTranslator.app */ = {isa = PBXFileReference; explicitFileType = wrapper.application; includeInIndex = 0; path = MorseTranslator.app; sourceTree = BUILT_PRODUCTS_DIR; };
		3E8B9763275347F800397402 /* MorseTranslator.app */ = {isa = PBXFileReference; explicitFileType = wrapper.application; includeInIndex = 0; path = MorseTranslator.app; sourceTree = BUILT_PRODUCTS_DIR; };
		3E8B9765275347F800397402 /* macOS.entitlements */ = {isa = PBXFileReference; lastKnownFileType = text.plist.entitlements; path = macOS.entitlements; sourceTree = "<group>"; };
		3E8B976A275347F800397402 /* Tests iOS.xctest */ = {isa = PBXFileReference; explicitFileType = wrapper.cfbundle; includeInIndex = 0; path = "Tests iOS.xctest"; sourceTree = BUILT_PRODUCTS_DIR; };
		3E8B976E275347F800397402 /* Tests_iOS.swift */ = {isa = PBXFileReference; lastKnownFileType = sourcecode.swift; path = Tests_iOS.swift; sourceTree = "<group>"; };
		3E8B9770275347F800397402 /* Tests_iOSLaunchTests.swift */ = {isa = PBXFileReference; lastKnownFileType = sourcecode.swift; path = Tests_iOSLaunchTests.swift; sourceTree = "<group>"; };
		3E8B9776275347F800397402 /* Tests macOS.xctest */ = {isa = PBXFileReference; explicitFileType = wrapper.cfbundle; includeInIndex = 0; path = "Tests macOS.xctest"; sourceTree = BUILT_PRODUCTS_DIR; };
		3E8B977A275347F800397402 /* Tests_macOS.swift */ = {isa = PBXFileReference; lastKnownFileType = sourcecode.swift; path = Tests_macOS.swift; sourceTree = "<group>"; };
		3E8B977C275347F800397402 /* Tests_macOSLaunchTests.swift */ = {isa = PBXFileReference; lastKnownFileType = sourcecode.swift; path = Tests_macOSLaunchTests.swift; sourceTree = "<group>"; };
/* End PBXFileReference section */

/* Begin PBXFrameworksBuildPhase section */
		3E8B975A275347F800397402 /* Frameworks */ = {
			isa = PBXFrameworksBuildPhase;
			buildActionMask = 2147483647;
			files = (
			);
			runOnlyForDeploymentPostprocessing = 0;
		};
		3E8B9760275347F800397402 /* Frameworks */ = {
			isa = PBXFrameworksBuildPhase;
			buildActionMask = 2147483647;
			files = (
			);
			runOnlyForDeploymentPostprocessing = 0;
		};
		3E8B9767275347F800397402 /* Frameworks */ = {
			isa = PBXFrameworksBuildPhase;
			buildActionMask = 2147483647;
			files = (
			);
			runOnlyForDeploymentPostprocessing = 0;
		};
		3E8B9773275347F800397402 /* Frameworks */ = {
			isa = PBXFrameworksBuildPhase;
			buildActionMask = 2147483647;
			files = (
			);
			runOnlyForDeploymentPostprocessing = 0;
		};
/* End PBXFrameworksBuildPhase section */

/* Begin PBXGroup section */
		3E8B9750275347F700397402 = {
			isa = PBXGroup;
			children = (
				3E8B9755275347F700397402 /* Shared */,
				3E8B9764275347F800397402 /* macOS */,
				3E8B976D275347F800397402 /* Tests iOS */,
				3E8B9779275347F800397402 /* Tests macOS */,
				3E8B975E275347F800397402 /* Products */,
			);
			sourceTree = "<group>";
		};
		3E8B9755275347F700397402 /* Shared */ = {
			isa = PBXGroup;
			children = (
				3E8B9756275347F700397402 /* MorseTranslatorApp.swift */,
				3E8B9757275347F700397402 /* ContentView.swift */,
				3E8B9758275347F800397402 /* Assets.xcassets */,
			);
			path = Shared;
			sourceTree = "<group>";
		};
		3E8B975E275347F800397402 /* Products */ = {
			isa = PBXGroup;
			children = (
				3E8B975D275347F800397402 /* MorseTranslator.app */,
				3E8B9763275347F800397402 /* MorseTranslator.app */,
				3E8B976A275347F800397402 /* Tests iOS.xctest */,
				3E8B9776275347F800397402 /* Tests macOS.xctest */,
			);
			name = Products;
			sourceTree = "<group>";
		};
		3E8B9764275347F800397402 /* macOS */ = {
			isa = PBXGroup;
			children = (
				3E8B9765275347F800397402 /* macOS.entitlements */,
			);
			path = macOS;
			sourceTree = "<group>";
		};
		3E8B976D275347F800397402 /* Tests iOS */ = {
			isa = PBXGroup;
			children = (
				3E8B976E275347F800397402 /* Tests_iOS.swift */,
				3E8B9770275347F800397402 /* Tests_iOSLaunchTests.swift */,
			);
			path = "Tests iOS";
			sourceTree = "<group>";
		};
		3E8B9779275347F800397402 /* Tests macOS */ = {
			isa = PBXGroup;
			children = (
				3E8B977A275347F800397402 /* Tests_macOS.swift */,
				3E8B977C275347F800397402 /* Tests_macOSLaunchTests.swift */,
			);
			path = "Tests macOS";
			sourceTree = "<group>";
		};
/* End PBXGroup section */

/* Begin PBXNativeTarget section */
		3E8B975C275347F800397402 /* MorseTranslator (iOS) */ = {
			isa = PBXNativeTarget;
			buildConfigurationList = 3E8B9786275347F800397402 /* Build configuration list for PBXNativeTarget "MorseTranslator (iOS)" */;
			buildPhases = (
				3E8B9759275347F800397402 /* Sources */,
				3E8B975A275347F800397402 /* Frameworks */,
				3E8B975B275347F800397402 /* Resources */,
			);
			buildRules = (
			);
			dependencies = (
			);
			name = "MorseTranslator (iOS)";
			productName = "MorseTranslator (iOS)";
			productReference = 3E8B975D275347F800397402 /* MorseTranslator.app */;
			productType = "com.apple.product-type.application";
		};
		3E8B9762275347F800397402 /* MorseTranslator (macOS) */ = {
			isa = PBXNativeTarget;
			buildConfigurationList = 3E8B9789275347F800397402 /* Build configuration list for PBXNativeTarget "MorseTranslator (macOS)" */;
			buildPhases = (
				3E8B975F275347F800397402 /* Sources */,
				3E8B9760275347F800397402 /* Frameworks */,
				3E8B9761275347F800397402 /* Resources */,
			);
			buildRules = (
			);
			dependencies = (
			);
			name = "MorseTranslator (macOS)";
			productName = "MorseTranslator (macOS)";
			productReference = 3E8B9763275347F800397402 /* MorseTranslator.app */;
			productType = "com.apple.product-type.application";
		};
		3E8B9769275347F800397402 /* Tests iOS */ = {
			isa = PBXNativeTarget;
			buildConfigurationList = 3E8B978C275347F800397402 /* Build configuration list for PBXNativeTarget "Tests iOS" */;
			buildPhases = (
				3E8B9766275347F800397402 /* Sources */,
				3E8B9767275347F800397402 /* Frameworks */,
				3E8B9768275347F800397402 /* Resources */,
			);
			buildRules = (
			);
			dependencies = (
				3E8B976C275347F800397402 /* PBXTargetDependency */,
			);
			name = "Tests iOS";
			productName = "Tests iOS";
			productReference = 3E8B976A275347F800397402 /* Tests iOS.xctest */;
			productType = "com.apple.product-type.bundle.ui-testing";
		};
		3E8B9775275347F800397402 /* Tests macOS */ = {
			isa = PBXNativeTarget;
			buildConfigurationList = 3E8B978F275347F800397402 /* Build configuration list for PBXNativeTarget "Tests macOS" */;
			buildPhases = (
				3E8B9772275347F800397402 /* Sources */,
				3E8B9773275347F800397402 /* Frameworks */,
				3E8B9774275347F800397402 /* Resources */,
			);
			buildRules = (
			);
			dependencies = (
				3E8B9778275347F800397402 /* PBXTargetDependency */,
			);
			name = "Tests macOS";
			productName = "Tests macOS";
			productReference = 3E8B9776275347F800397402 /* Tests macOS.xctest */;
			productType = "com.apple.product-type.bundle.ui-testing";
		};
/* End PBXNativeTarget section */

/* Begin PBXProject section */
		3E8B9751275347F700397402 /* Project object */ = {
			isa = PBXProject;
			attributes = {
				BuildIndependentTargetsInParallel = 1;
				LastSwiftUpdateCheck = 1310;
				LastUpgradeCheck = 1310;
				TargetAttributes = {
					3E8B975C275347F800397402 = {
						CreatedOnToolsVersion = 13.1;
					};
					3E8B9762275347F800397402 = {
						CreatedOnToolsVersion = 13.1;
					};
					3E8B9769275347F800397402 = {
						CreatedOnToolsVersion = 13.1;
						TestTargetID = 3E8B975C275347F800397402;
					};
					3E8B9775275347F800397402 = {
						CreatedOnToolsVersion = 13.1;
						TestTargetID = 3E8B9762275347F800397402;
					};
				};
			};
			buildConfigurationList = 3E8B9754275347F700397402 /* Build configuration list for PBXProject "MorseTranslator" */;
			compatibilityVersion = "Xcode 13.0";
			developmentRegion = en;
			hasScannedForEncodings = 0;
			knownRegions = (
				en,
				Base,
			);
			mainGroup = 3E8B9750275347F700397402;
			productRefGroup = 3E8B975E275347F800397402 /* Products */;
			projectDirPath = "";
			projectRoot = "";
			targets = (
				3E8B975C275347F800397402 /* MorseTranslator (iOS) */,
				3E8B9762275347F800397402 /* MorseTranslator (macOS) */,
				3E8B9769275347F800397402 /* Tests iOS */,
				3E8B9775275347F800397402 /* Tests macOS */,
			);
		};
/* End PBXProject section */

/* Begin PBXResourcesBuildPhase section */
		3E8B975B275347F800397402 /* Resources */ = {
			isa = PBXResourcesBuildPhase;
			buildActionMask = 2147483647;
			files = (
				3E8B9782275347F800397402 /* Assets.xcassets in Resources */,
			);
			runOnlyForDeploymentPostprocessing = 0;
		};
		3E8B9761275347F800397402 /* Resources */ = {
			isa = PBXResourcesBuildPhase;
			buildActionMask = 2147483647;
			files = (
				3E8B9783275347F800397402 /* Assets.xcassets in Resources */,
			);
			runOnlyForDeploymentPostprocessing = 0;
		};
		3E8B9768275347F800397402 /* Resources */ = {
			isa = PBXResourcesBuildPhase;
			buildActionMask = 2147483647;
			files = (
			);
			runOnlyForDeploymentPostprocessing = 0;
		};
		3E8B9774275347F800397402 /* Resources */ = {
			isa = PBXResourcesBuildPhase;
			buildActionMask = 2147483647;
			files = (
			);
			runOnlyForDeploymentPostprocessing = 0;
		};
/* End PBXResourcesBuildPhase section */

/* Begin PBXSourcesBuildPhase section */
		3E8B9759275347F800397402 /* Sources */ = {
			isa = PBXSourcesBuildPhase;
			buildActionMask = 2147483647;
			files = (
				3E8B9780275347F800397402 /* ContentView.swift in Sources */,
				3E8B977E275347F800397402 /* MorseTranslatorApp.swift in Sources */,
			);
			runOnlyForDeploymentPostprocessing = 0;
		};
		3E8B975F275347F800397402 /* Sources */ = {
			isa = PBXSourcesBuildPhase;
			buildActionMask = 2147483647;
			files = (
				3E8B9781275347F800397402 /* ContentView.swift in Sources */,
				3E8B977F275347F800397402 /* MorseTranslatorApp.swift in Sources */,
			);
			runOnlyForDeploymentPostprocessing = 0;
		};
		3E8B9766275347F800397402 /* Sources */ = {
			isa = PBXSourcesBuildPhase;
			buildActionMask = 2147483647;
			files = (
				3E8B9771275347F800397402 /* Tests_iOSLaunchTests.swift in Sources */,
				3E8B976F275347F800397402 /* Tests_iOS.swift in Sources */,
			);
			runOnlyForDeploymentPostprocessing = 0;
		};
		3E8B9772275347F800397402 /* Sources */ = {
			isa = PBXSourcesBuildPhase;
			buildActionMask = 2147483647;
			files = (
				3E8B977D275347F800397402 /* Tests_macOSLaunchTests.swift in Sources */,
				3E8B977B275347F800397402 /* Tests_macOS.swift in Sources */,
			);
			runOnlyForDeploymentPostprocessing = 0;
		};
/* End PBXSourcesBuildPhase section */

/* Begin PBXTargetDependency section */
		3E8B976C275347F800397402 /* PBXTargetDependency */ = {
			isa = PBXTargetDependency;
			target = 3E8B975C275347F800397402 /* MorseTranslator (iOS) */;
			targetProxy = 3E8B976B275347F800397402 /* PBXContainerItemProxy */;
		};
		3E8B9778275347F800397402 /* PBXTargetDependency */ = {
			isa = PBXTargetDependency;
			target = 3E8B9762275347F800397402 /* MorseTranslator (macOS) */;
			targetProxy = 3E8B9777275347F800397402 /* PBXContainerItemProxy */;
		};
/* End PBXTargetDependency section */

/* Begin XCBuildConfiguration section */
		3E8B9784275347F800397402 /* Debug */ = {
			isa = XCBuildConfiguration;
			buildSettings = {
				ALWAYS_SEARCH_USER_PATHS = NO;
				CLANG_ANALYZER_NONNULL = YES;
				CLANG_ANALYZER_NUMBER_OBJECT_CONVERSION = YES_AGGRESSIVE;
				CLANG_CXX_LANGUAGE_STANDARD = "gnu++17";
				CLANG_CXX_LIBRARY = "libc++";
				CLANG_ENABLE_MODULES = YES;
				CLANG_ENABLE_OBJC_ARC = YES;
				CLANG_ENABLE_OBJC_WEAK = YES;
				CLANG_WARN_BLOCK_CAPTURE_AUTORELEASING = YES;
				CLANG_WARN_BOOL_CONVERSION = YES;
				CLANG_WARN_COMMA = YES;
				CLANG_WARN_CONSTANT_CONVERSION = YES;
				CLANG_WARN_DEPRECATED_OBJC_IMPLEMENTATIONS = YES;
				CLANG_WARN_DIRECT_OBJC_ISA_USAGE = YES_ERROR;
				CLANG_WARN_DOCUMENTATION_COMMENTS = YES;
				CLANG_WARN_EMPTY_BODY = YES;
				CLANG_WARN_ENUM_CONVERSION = YES;
				CLANG_WARN_INFINITE_RECURSION = YES;
				CLANG_WARN_INT_CONVERSION = YES;
				CLANG_WARN_NON_LITERAL_NULL_CONVERSION = YES;
				CLANG_WARN_OBJC_IMPLICIT_RETAIN_SELF = YES;
				CLANG_WARN_OBJC_LITERAL_CONVERSION = YES;
				CLANG_WARN_OBJC_ROOT_CLASS = YES_ERROR;
				CLANG_WARN_QUOTED_INCLUDE_IN_FRAMEWORK_HEADER = YES;
				CLANG_WARN_RANGE_LOOP_ANALYSIS = YES;
				CLANG_WARN_STRICT_PROTOTYPES = YES;
				CLANG_WARN_SUSPICIOUS_MOVE = YES;
				CLANG_WARN_UNGUARDED_AVAILABILITY = YES_AGGRESSIVE;
				CLANG_WARN_UNREACHABLE_CODE = YES;
				CLANG_WARN__DUPLICATE_METHOD_MATCH = YES;
				COPY_PHASE_STRIP = NO;
				DEBUG_INFORMATION_FORMAT = dwarf;
				ENABLE_STRICT_OBJC_MSGSEND = YES;
				ENABLE_TESTABILITY = YES;
				GCC_C_LANGUAGE_STANDARD = gnu11;
				GCC_DYNAMIC_NO_PIC = NO;
				GCC_NO_COMMON_BLOCKS = YES;
				GCC_OPTIMIZATION_LEVEL = 0;
				GCC_PREPROCESSOR_DEFINITIONS = (
					"DEBUG=1",
					"$(inherited)",
				);
				GCC_WARN_64_TO_32_BIT_CONVERSION = YES;
				GCC_WARN_ABOUT_RETURN_TYPE = YES_ERROR;
				GCC_WARN_UNDECLARED_SELECTOR = YES;
				GCC_WARN_UNINITIALIZED_AUTOS = YES_AGGRESSIVE;
				GCC_WARN_UNUSED_FUNCTION = YES;
				GCC_WARN_UNUSED_VARIABLE = YES;
				MTL_ENABLE_DEBUG_INFO = INCLUDE_SOURCE;
				MTL_FAST_MATH = YES;
				ONLY_ACTIVE_ARCH = YES;
				SWIFT_ACTIVE_COMPILATION_CONDITIONS = DEBUG;
				SWIFT_OPTIMIZATION_LEVEL = "-Onone";
			};
			name = Debug;
		};
		3E8B9785275347F800397402 /* Release */ = {
			isa = XCBuildConfiguration;
			buildSettings = {
				ALWAYS_SEARCH_USER_PATHS = NO;
				CLANG_ANALYZER_NONNULL = YES;
				CLANG_ANALYZER_NUMBER_OBJECT_CONVERSION = YES_AGGRESSIVE;
				CLANG_CXX_LANGUAGE_STANDARD = "gnu++17";
				CLANG_CXX_LIBRARY = "libc++";
				CLANG_ENABLE_MODULES = YES;
				CLANG_ENABLE_OBJC_ARC = YES;
				CLANG_ENABLE_OBJC_WEAK = YES;
				CLANG_WARN_BLOCK_CAPTURE_AUTORELEASING = YES;
				CLANG_WARN_BOOL_CONVERSION = YES;
				CLANG_WARN_COMMA = YES;
				CLANG_WARN_CONSTANT_CONVERSION = YES;
				CLANG_WARN_DEPRECATED_OBJC_IMPLEMENTATIONS = YES;
				CLANG_WARN_DIRECT_OBJC_ISA_USAGE = YES_ERROR;
				CLANG_WARN_DOCUMENTATION_COMMENTS = YES;
				CLANG_WARN_EMPTY_BODY = YES;
				CLANG_WARN_ENUM_CONVERSION = YES;
				CLANG_WARN_INFINITE_RECURSION = YES;
				CLANG_WARN_INT_CONVERSION = YES;
				CLANG_WARN_NON_LITERAL_NULL_CONVERSION = YES;
				CLANG_WARN_OBJC_IMPLICIT_RETAIN_SELF = YES;
				CLANG_WARN_OBJC_LITERAL_CONVERSION = YES;
				CLANG_WARN_OBJC_ROOT_CLASS = YES_ERROR;
				CLANG_WARN_QUOTED_INCLUDE_IN_FRAMEWORK_HEADER = YES;
				CLANG_WARN_RANGE_LOOP_ANALYSIS = YES;
				CLANG_WARN_STRICT_PROTOTYPES = YES;
				CLANG_WARN_SUSPICIOUS_MOVE = YES;
				CLANG_WARN_UNGUARDED_AVAILABILITY = YES_AGGRESSIVE;
				CLANG_WARN_UNREACHABLE_CODE = YES;
				CLANG_WARN__DUPLICATE_METHOD_MATCH = YES;
				COPY_PHASE_STRIP = NO;
				DEBUG_INFORMATION_FORMAT = "dwarf-with-dsym";
				ENABLE_NS_ASSERTIONS = NO;
				ENABLE_STRICT_OBJC_MSGSEND = YES;
				GCC_C_LANGUAGE_STANDARD = gnu11;
				GCC_NO_COMMON_BLOCKS = YES;
				GCC_WARN_64_TO_32_BIT_CONVERSION = YES;
				GCC_WARN_ABOUT_RETURN_TYPE = YES_ERROR;
				GCC_WARN_UNDECLARED_SELECTOR = YES;
				GCC_WARN_UNINITIALIZED_AUTOS = YES_AGGRESSIVE;
				GCC_WARN_UNUSED_FUNCTION = YES;
				GCC_WARN_UNUSED_VARIABLE = YES;
				MTL_ENABLE_DEBUG_INFO = NO;
				MTL_FAST_MATH = YES;
				SWIFT_COMPILATION_MODE = wholemodule;
				SWIFT_OPTIMIZATION_LEVEL = "-O";
			};
			name = Release;
		};
		3E8B9787275347F800397402 /* Debug */ = {
			isa = XCBuildConfiguration;
			buildSettings = {
				ASSETCATALOG_COMPILER_APPICON_NAME = AppIcon;
				ASSETCATALOG_COMPILER_GLOBAL_ACCENT_COLOR_NAME = AccentColor;
				CODE_SIGN_STYLE = Automatic;
				CURRENT_PROJECT_VERSION = 8;
				DEVELOPMENT_TEAM = UGQBX3P3M8;
				ENABLE_PREVIEWS = YES;
				GENERATE_INFOPLIST_FILE = YES;
				INFOPLIST_KEY_UIApplicationSceneManifest_Generation = YES;
				INFOPLIST_KEY_UIApplicationSupportsIndirectInputEvents = YES;
				INFOPLIST_KEY_UILaunchScreen_Generation = YES;
				INFOPLIST_KEY_UISupportedInterfaceOrientations = "UIInterfaceOrientationLandscapeLeft UIInterfaceOrientationLandscapeRight";
				INFOPLIST_KEY_UISupportedInterfaceOrientations_iPad = "UIInterfaceOrientationPortrait UIInterfaceOrientationPortraitUpsideDown UIInterfaceOrientationLandscapeLeft UIInterfaceOrientationLandscapeRight";
				INFOPLIST_KEY_UISupportedInterfaceOrientations_iPhone = "UIInterfaceOrientationPortrait UIInterfaceOrientationLandscapeLeft UIInterfaceOrientationLandscapeRight";
				IPHONEOS_DEPLOYMENT_TARGET = 15.0;
				LD_RUNPATH_SEARCH_PATHS = (
					"$(inherited)",
					"@executable_path/Frameworks",
				);
				MARKETING_VERSION = 1.0;
				PRODUCT_BUNDLE_IDENTIFIER = crazyapps.club.MorseTranslator;
				PRODUCT_NAME = MorseTranslator;
				SDKROOT = iphoneos;
				SWIFT_EMIT_LOC_STRINGS = YES;
				SWIFT_VERSION = 5.0;
				TARGETED_DEVICE_FAMILY = 1;
			};
			name = Debug;
		};
		3E8B9788275347F800397402 /* Release */ = {
			isa = XCBuildConfiguration;
			buildSettings = {
				ASSETCATALOG_COMPILER_APPICON_NAME = AppIcon;
				ASSETCATALOG_COMPILER_GLOBAL_ACCENT_COLOR_NAME = AccentColor;
				CODE_SIGN_STYLE = Automatic;
				CURRENT_PROJECT_VERSION = 8;
				DEVELOPMENT_TEAM = UGQBX3P3M8;
				ENABLE_PREVIEWS = YES;
				GENERATE_INFOPLIST_FILE = YES;
				INFOPLIST_KEY_UIApplicationSceneManifest_Generation = YES;
				INFOPLIST_KEY_UIApplicationSupportsIndirectInputEvents = YES;
				INFOPLIST_KEY_UILaunchScreen_Generation = YES;
				INFOPLIST_KEY_UISupportedInterfaceOrientations = "UIInterfaceOrientationLandscapeLeft UIInterfaceOrientationLandscapeRight";
				INFOPLIST_KEY_UISupportedInterfaceOrientations_iPad = "UIInterfaceOrientationPortrait UIInterfaceOrientationPortraitUpsideDown UIInterfaceOrientationLandscapeLeft UIInterfaceOrientationLandscapeRight";
				INFOPLIST_KEY_UISupportedInterfaceOrientations_iPhone = "UIInterfaceOrientationPortrait UIInterfaceOrientationLandscapeLeft UIInterfaceOrientationLandscapeRight";
				IPHONEOS_DEPLOYMENT_TARGET = 15.0;
				LD_RUNPATH_SEARCH_PATHS = (
					"$(inherited)",
					"@executable_path/Frameworks",
				);
				MARKETING_VERSION = 1.0;
				PRODUCT_BUNDLE_IDENTIFIER = crazyapps.club.MorseTranslator;
				PRODUCT_NAME = MorseTranslator;
				SDKROOT = iphoneos;
				SWIFT_EMIT_LOC_STRINGS = YES;
				SWIFT_VERSION = 5.0;
				TARGETED_DEVICE_FAMILY = 1;
				VALIDATE_PRODUCT = YES;
			};
			name = Release;
		};
		3E8B978A275347F800397402 /* Debug */ = {
			isa = XCBuildConfiguration;
			buildSettings = {
				ASSETCATALOG_COMPILER_APPICON_NAME = AppIcon;
				ASSETCATALOG_COMPILER_GLOBAL_ACCENT_COLOR_NAME = AccentColor;
				CODE_SIGN_ENTITLEMENTS = macOS/macOS.entitlements;
				CODE_SIGN_STYLE = Automatic;
				COMBINE_HIDPI_IMAGES = YES;
				CURRENT_PROJECT_VERSION = 1;
				DEVELOPMENT_TEAM = UGQBX3P3M8;
				ENABLE_HARDENED_RUNTIME = YES;
				ENABLE_PREVIEWS = YES;
				GENERATE_INFOPLIST_FILE = YES;
				INFOPLIST_KEY_NSHumanReadableCopyright = "";
				LD_RUNPATH_SEARCH_PATHS = (
					"$(inherited)",
					"@executable_path/../Frameworks",
				);
				MACOSX_DEPLOYMENT_TARGET = 12.0;
				MARKETING_VERSION = 1.0;
				PRODUCT_BUNDLE_IDENTIFIER = crazyapps.club.MorseTranslator;
				PRODUCT_NAME = MorseTranslator;
				SDKROOT = macosx;
				SWIFT_EMIT_LOC_STRINGS = YES;
				SWIFT_VERSION = 5.0;
			};
			name = Debug;
		};
		3E8B978B275347F800397402 /* Release */ = {
			isa = XCBuildConfiguration;
			buildSettings = {
				ASSETCATALOG_COMPILER_APPICON_NAME = AppIcon;
				ASSETCATALOG_COMPILER_GLOBAL_ACCENT_COLOR_NAME = AccentColor;
				CODE_SIGN_ENTITLEMENTS = macOS/macOS.entitlements;
				CODE_SIGN_STYLE = Automatic;
				COMBINE_HIDPI_IMAGES = YES;
				CURRENT_PROJECT_VERSION = 1;
				DEVELOPMENT_TEAM = UGQBX3P3M8;
				ENABLE_HARDENED_RUNTIME = YES;
				ENABLE_PREVIEWS = YES;
				GENERATE_INFOPLIST_FILE = YES;
				INFOPLIST_KEY_NSHumanReadableCopyright = "";
				LD_RUNPATH_SEARCH_PATHS = (
					"$(inherited)",
					"@executable_path/../Frameworks",
				);
				MACOSX_DEPLOYMENT_TARGET = 12.0;
				MARKETING_VERSION = 1.0;
				PRODUCT_BUNDLE_IDENTIFIER = crazyapps.club.MorseTranslator;
				PRODUCT_NAME = MorseTranslator;
				SDKROOT = macosx;
				SWIFT_EMIT_LOC_STRINGS = YES;
				SWIFT_VERSION = 5.0;
			};
			name = Release;
		};
		3E8B978D275347F800397402 /* Debug */ = {
			isa = XCBuildConfiguration;
			buildSettings = {
				ALWAYS_EMBED_SWIFT_STANDARD_LIBRARIES = YES;
				CODE_SIGN_STYLE = Automatic;
				CURRENT_PROJECT_VERSION = 1;
				DEVELOPMENT_TEAM = UGQBX3P3M8;
				GENERATE_INFOPLIST_FILE = YES;
				IPHONEOS_DEPLOYMENT_TARGET = 15.0;
				LD_RUNPATH_SEARCH_PATHS = (
					"$(inherited)",
					"@executable_path/Frameworks",
					"@loader_path/Frameworks",
				);
				MARKETING_VERSION = 1.0;
				PRODUCT_BUNDLE_IDENTIFIER = "crazyapps.club.Tests-iOS";
				PRODUCT_NAME = "$(TARGET_NAME)";
				SDKROOT = iphoneos;
				SWIFT_EMIT_LOC_STRINGS = NO;
				SWIFT_VERSION = 5.0;
				TARGETED_DEVICE_FAMILY = "1,2";
				TEST_TARGET_NAME = "MorseTranslator (iOS)";
			};
			name = Debug;
		};
		3E8B978E275347F800397402 /* Release */ = {
			isa = XCBuildConfiguration;
			buildSettings = {
				ALWAYS_EMBED_SWIFT_STANDARD_LIBRARIES = YES;
				CODE_SIGN_STYLE = Automatic;
				CURRENT_PROJECT_VERSION = 1;
				DEVELOPMENT_TEAM = UGQBX3P3M8;
				GENERATE_INFOPLIST_FILE = YES;
				IPHONEOS_DEPLOYMENT_TARGET = 15.0;
				LD_RUNPATH_SEARCH_PATHS = (
					"$(inherited)",
					"@executable_path/Frameworks",
					"@loader_path/Frameworks",
				);
				MARKETING_VERSION = 1.0;
				PRODUCT_BUNDLE_IDENTIFIER = "crazyapps.club.Tests-iOS";
				PRODUCT_NAME = "$(TARGET_NAME)";
				SDKROOT = iphoneos;
				SWIFT_EMIT_LOC_STRINGS = NO;
				SWIFT_VERSION = 5.0;
				TARGETED_DEVICE_FAMILY = "1,2";
				TEST_TARGET_NAME = "MorseTranslator (iOS)";
				VALIDATE_PRODUCT = YES;
			};
			name = Release;
		};
		3E8B9790275347F800397402 /* Debug */ = {
			isa = XCBuildConfiguration;
			buildSettings = {
				ALWAYS_EMBED_SWIFT_STANDARD_LIBRARIES = YES;
				CODE_SIGN_STYLE = Automatic;
				COMBINE_HIDPI_IMAGES = YES;
				CURRENT_PROJECT_VERSION = 1;
				DEVELOPMENT_TEAM = UGQBX3P3M8;
				GENERATE_INFOPLIST_FILE = YES;
				LD_RUNPATH_SEARCH_PATHS = (
					"$(inherited)",
					"@executable_path/../Frameworks",
					"@loader_path/../Frameworks",
				);
				MACOSX_DEPLOYMENT_TARGET = 12.0;
				MARKETING_VERSION = 1.0;
				PRODUCT_BUNDLE_IDENTIFIER = "crazyapps.club.Tests-macOS";
				PRODUCT_NAME = "$(TARGET_NAME)";
				SDKROOT = macosx;
				SWIFT_EMIT_LOC_STRINGS = NO;
				SWIFT_VERSION = 5.0;
				TEST_TARGET_NAME = "MorseTranslator (macOS)";
			};
			name = Debug;
		};
		3E8B9791275347F800397402 /* Release */ = {
			isa = XCBuildConfiguration;
			buildSettings = {
				ALWAYS_EMBED_SWIFT_STANDARD_LIBRARIES = YES;
				CODE_SIGN_STYLE = Automatic;
				COMBINE_HIDPI_IMAGES = YES;
				CURRENT_PROJECT_VERSION = 1;
				DEVELOPMENT_TEAM = UGQBX3P3M8;
				GENERATE_INFOPLIST_FILE = YES;
				LD_RUNPATH_SEARCH_PATHS = (
					"$(inherited)",
					"@executable_path/../Frameworks",
					"@loader_path/../Frameworks",
				);
				MACOSX_DEPLOYMENT_TARGET = 12.0;
				MARKETING_VERSION = 1.0;
				PRODUCT_BUNDLE_IDENTIFIER = "crazyapps.club.Tests-macOS";
				PRODUCT_NAME = "$(TARGET_NAME)";
				SDKROOT = macosx;
				SWIFT_EMIT_LOC_STRINGS = NO;
				SWIFT_VERSION = 5.0;
				TEST_TARGET_NAME = "MorseTranslator (macOS)";
			};
			name = Release;
		};
/* End XCBuildConfiguration section */

/* Begin XCConfigurationList section */
		3E8B9754275347F700397402 /* Build configuration list for PBXProject "MorseTranslator" */ = {
			isa = XCConfigurationList;
			buildConfigurations = (
				3E8B9784275347F800397402 /* Debug */,
				3E8B9785275347F800397402 /* Release */,
			);
			defaultConfigurationIsVisible = 0;
			defaultConfigurationName = Release;
		};
		3E8B9786275347F800397402 /* Build configuration list for PBXNativeTarget "MorseTranslator (iOS)" */ = {
			isa = XCConfigurationList;
			buildConfigurations = (
				3E8B9787275347F800397402 /* Debug */,
				3E8B9788275347F800397402 /* Release */,
			);
			defaultConfigurationIsVisible = 0;
			defaultConfigurationName = Release;
		};
		3E8B9789275347F800397402 /* Build configuration list for PBXNativeTarget "MorseTranslator (macOS)" */ = {
			isa = XCConfigurationList;
			buildConfigurations = (
				3E8B978A275347F800397402 /* Debug */,
				3E8B978B275347F800397402 /* Release */,
			);
			defaultConfigurationIsVisible = 0;
			defaultConfigurationName = Release;
		};
		3E8B978C275347F800397402 /* Build configuration list for PBXNativeTarget "Tests iOS" */ = {
			isa = XCConfigurationList;
			buildConfigurations = (
				3E8B978D275347F800397402 /* Debug */,
				3E8B978E275347F800397402 /* Release */,
			);
			defaultConfigurationIsVisible = 0;
			defaultConfigurationName = Release;
		};
		3E8B978F275347F800397402 /* Build configuration list for PBXNativeTarget "Tests macOS" */ = {
			isa = XCConfigurationList;
			buildConfigurations = (
				3E8B9790275347F800397402 /* Debug */,
				3E8B9791275347F800397402 /* Release */,
			);
			defaultConfigurationIsVisible = 0;
			defaultConfigurationName = Release;
		};
/* End XCConfigurationList section */
	};
	rootObject = 3E8B9751275347F700397402 /* Project object */;
}
